{
    "requires": true,
    "lockfileVersion": 1,
    "dependencies": {
        "froala-editor": {
            "version": "3.2.5",
            "resolved": "https://registry.npmjs.org/froala-editor/-/froala-editor-3.2.5.tgz",
            "integrity": "sha512-pgjO930OmZewjxgp7GE/wH6aENMn/9nsPV8YmQVd3jtbLYh5POQesbeFt6BcGoaweRtSf0aFJbvXWkBXvrpf0Q=="
        }
    }
}
